
Microsoft Visual Studio Solution File, Format Version 12.00
# Visual Studio Version 16
VisualStudioVersion = 16.0.29009.5
MinimumVisualStudioVersion = 10.0.40219.1
Project("{FAE04EC0-301F-11D3-BF4B-00C04F79EFBC}") = "Mvc_EF", "Mvc_EF\Mvc_EF.csproj", "{A481ACC9-CD33-4F27-969F-8D0B454E170F}"
EndProject
Global
	GlobalSection(SolutionConfigurationPlatforms) = preSolution
		Debug|Any CPU = Debug|Any CPU
		Release|Any CPU = Release|Any CPU
	EndGlobalSection
	GlobalSection(ProjectConfigurationPlatforms) = postSolution
		{A481ACC9-CD33-4F27-969F-8D0B454E170F}.Debug|Any CPU.ActiveCfg = Debug|Any CPU
		{A481ACC9-CD33-4F27-969F-8D0B454E170F}.Debug|Any CPU.Build.0 = Debug|Any CPU
		{A481ACC9-CD33-4F27-969F-8D0B454E170F}.Release|Any CPU.ActiveCfg = Release|Any CPU
		{A481ACC9-CD33-4F27-969F-8D0B454E170F}.Release|Any CPU.Build.0 = Release|Any CPU
	EndGlobalSection
	GlobalSection(SolutionProperties) = preSolution
		HideSolutionNode = FALSE
	EndGlobalSection
	GlobalSection(ExtensibilityGlobals) = postSolution
		SolutionGuid = {F67C7B95-FDF3-4F5E-9B20-304194933255}
	EndGlobalSection
EndGlobal
