
Microsoft Visual Studio Solution File, Format Version 12.00
# Visual Studio Version 16
VisualStudioVersion = 16.0.29009.5
MinimumVisualStudioVersion = 10.0.40219.1
Project("{FAE04EC0-301F-11D3-BF4B-00C04F79EFBC}") = "Mvc_WebImage", "Mvc_WebImage\Mvc_WebImage.csproj", "{BDCB2E12-5E9D-47C7-A787-9A079A487F82}"
EndProject
Global
	GlobalSection(SolutionConfigurationPlatforms) = preSolution
		Debug|Any CPU = Debug|Any CPU
		Release|Any CPU = Release|Any CPU
	EndGlobalSection
	GlobalSection(ProjectConfigurationPlatforms) = postSolution
		{BDCB2E12-5E9D-47C7-A787-9A079A487F82}.Debug|Any CPU.ActiveCfg = Debug|Any CPU
		{BDCB2E12-5E9D-47C7-A787-9A079A487F82}.Debug|Any CPU.Build.0 = Debug|Any CPU
		{BDCB2E12-5E9D-47C7-A787-9A079A487F82}.Release|Any CPU.ActiveCfg = Release|Any CPU
		{BDCB2E12-5E9D-47C7-A787-9A079A487F82}.Release|Any CPU.Build.0 = Release|Any CPU
	EndGlobalSection
	GlobalSection(SolutionProperties) = preSolution
		HideSolutionNode = FALSE
	EndGlobalSection
	GlobalSection(ExtensibilityGlobals) = postSolution
		SolutionGuid = {9BCDB302-6736-490D-8D3E-FB3D814C8113}
	EndGlobalSection
EndGlobal
