
Microsoft Visual Studio Solution File, Format Version 12.00
# Visual Studio Version 16
VisualStudioVersion = 16.0.29009.5
MinimumVisualStudioVersion = 10.0.40219.1
Project("{FAE04EC0-301F-11D3-BF4B-00C04F79EFBC}") = "Mvc_FormCollection", "Mvc_FormCollection\Mvc_FormCollection.csproj", "{4D64B142-F425-4CA2-8B26-D352197F6461}"
EndProject
Global
	GlobalSection(SolutionConfigurationPlatforms) = preSolution
		Debug|Any CPU = Debug|Any CPU
		Release|Any CPU = Release|Any CPU
	EndGlobalSection
	GlobalSection(ProjectConfigurationPlatforms) = postSolution
		{4D64B142-F425-4CA2-8B26-D352197F6461}.Debug|Any CPU.ActiveCfg = Debug|Any CPU
		{4D64B142-F425-4CA2-8B26-D352197F6461}.Debug|Any CPU.Build.0 = Debug|Any CPU
		{4D64B142-F425-4CA2-8B26-D352197F6461}.Release|Any CPU.ActiveCfg = Release|Any CPU
		{4D64B142-F425-4CA2-8B26-D352197F6461}.Release|Any CPU.Build.0 = Release|Any CPU
	EndGlobalSection
	GlobalSection(SolutionProperties) = preSolution
		HideSolutionNode = FALSE
	EndGlobalSection
	GlobalSection(ExtensibilityGlobals) = postSolution
		SolutionGuid = {9BB6E18A-0232-4590-B1D5-DC6EA47C6D74}
	EndGlobalSection
EndGlobal
