
Microsoft Visual Studio Solution File, Format Version 12.00
# Visual Studio Version 16
VisualStudioVersion = 16.0.29009.5
MinimumVisualStudioVersion = 10.0.40219.1
Project("{FAE04EC0-301F-11D3-BF4B-00C04F79EFBC}") = "Mvc_BO", "Mvc_BO\Mvc_BO.csproj", "{DD64D9B5-C36C-48FE-8D36-64B58D2A91BC}"
EndProject
Project("{FAE04EC0-301F-11D3-BF4B-00C04F79EFBC}") = "BLL", "BLL\BLL.csproj", "{C9039C5B-2760-488A-B6C8-B63D515F85E8}"
EndProject
Global
	GlobalSection(SolutionConfigurationPlatforms) = preSolution
		Debug|Any CPU = Debug|Any CPU
		Release|Any CPU = Release|Any CPU
	EndGlobalSection
	GlobalSection(ProjectConfigurationPlatforms) = postSolution
		{DD64D9B5-C36C-48FE-8D36-64B58D2A91BC}.Debug|Any CPU.ActiveCfg = Debug|Any CPU
		{DD64D9B5-C36C-48FE-8D36-64B58D2A91BC}.Debug|Any CPU.Build.0 = Debug|Any CPU
		{DD64D9B5-C36C-48FE-8D36-64B58D2A91BC}.Release|Any CPU.ActiveCfg = Release|Any CPU
		{DD64D9B5-C36C-48FE-8D36-64B58D2A91BC}.Release|Any CPU.Build.0 = Release|Any CPU
		{C9039C5B-2760-488A-B6C8-B63D515F85E8}.Debug|Any CPU.ActiveCfg = Debug|Any CPU
		{C9039C5B-2760-488A-B6C8-B63D515F85E8}.Debug|Any CPU.Build.0 = Debug|Any CPU
		{C9039C5B-2760-488A-B6C8-B63D515F85E8}.Release|Any CPU.ActiveCfg = Release|Any CPU
		{C9039C5B-2760-488A-B6C8-B63D515F85E8}.Release|Any CPU.Build.0 = Release|Any CPU
	EndGlobalSection
	GlobalSection(SolutionProperties) = preSolution
		HideSolutionNode = FALSE
	EndGlobalSection
	GlobalSection(ExtensibilityGlobals) = postSolution
		SolutionGuid = {387754FC-B4E2-464D-9088-DD61CE0399B0}
	EndGlobalSection
EndGlobal
