
Microsoft Visual Studio Solution File, Format Version 12.00
# Visual Studio Version 16
VisualStudioVersion = 16.0.29009.5
MinimumVisualStudioVersion = 10.0.40219.1
Project("{FAE04EC0-301F-11D3-BF4B-00C04F79EFBC}") = "Mvc_Chart", "Mvc_Chart\Mvc_Chart.csproj", "{60DD8775-6319-42AC-A69B-1A1FD15E8376}"
EndProject
Global
	GlobalSection(SolutionConfigurationPlatforms) = preSolution
		Debug|Any CPU = Debug|Any CPU
		Release|Any CPU = Release|Any CPU
	EndGlobalSection
	GlobalSection(ProjectConfigurationPlatforms) = postSolution
		{60DD8775-6319-42AC-A69B-1A1FD15E8376}.Debug|Any CPU.ActiveCfg = Debug|Any CPU
		{60DD8775-6319-42AC-A69B-1A1FD15E8376}.Debug|Any CPU.Build.0 = Debug|Any CPU
		{60DD8775-6319-42AC-A69B-1A1FD15E8376}.Release|Any CPU.ActiveCfg = Release|Any CPU
		{60DD8775-6319-42AC-A69B-1A1FD15E8376}.Release|Any CPU.Build.0 = Release|Any CPU
	EndGlobalSection
	GlobalSection(SolutionProperties) = preSolution
		HideSolutionNode = FALSE
	EndGlobalSection
	GlobalSection(ExtensibilityGlobals) = postSolution
		SolutionGuid = {1C3FAE8C-B13F-4F25-9183-8D3476D0CCB6}
	EndGlobalSection
EndGlobal
