
Microsoft Visual Studio Solution File, Format Version 12.00
# Visual Studio Version 16
VisualStudioVersion = 16.0.29009.5
MinimumVisualStudioVersion = 10.0.40219.1
Project("{FAE04EC0-301F-11D3-BF4B-00C04F79EFBC}") = "Mvc_EF_Templates", "Mvc_EF_Templates\Mvc_EF_Templates.csproj", "{63DD91EC-F993-428D-9B98-B4F4CEA528A7}"
EndProject
Project("{FAE04EC0-301F-11D3-BF4B-00C04F79EFBC}") = "EntidadesDAL", "EntidadesDAL\EntidadesDAL.csproj", "{A74CA08F-FF40-44E6-A326-50955B2EDCC3}"
EndProject
Global
	GlobalSection(SolutionConfigurationPlatforms) = preSolution
		Debug|Any CPU = Debug|Any CPU
		Release|Any CPU = Release|Any CPU
	EndGlobalSection
	GlobalSection(ProjectConfigurationPlatforms) = postSolution
		{63DD91EC-F993-428D-9B98-B4F4CEA528A7}.Debug|Any CPU.ActiveCfg = Debug|Any CPU
		{63DD91EC-F993-428D-9B98-B4F4CEA528A7}.Debug|Any CPU.Build.0 = Debug|Any CPU
		{63DD91EC-F993-428D-9B98-B4F4CEA528A7}.Release|Any CPU.ActiveCfg = Release|Any CPU
		{63DD91EC-F993-428D-9B98-B4F4CEA528A7}.Release|Any CPU.Build.0 = Release|Any CPU
		{A74CA08F-FF40-44E6-A326-50955B2EDCC3}.Debug|Any CPU.ActiveCfg = Debug|Any CPU
		{A74CA08F-FF40-44E6-A326-50955B2EDCC3}.Debug|Any CPU.Build.0 = Debug|Any CPU
		{A74CA08F-FF40-44E6-A326-50955B2EDCC3}.Release|Any CPU.ActiveCfg = Release|Any CPU
		{A74CA08F-FF40-44E6-A326-50955B2EDCC3}.Release|Any CPU.Build.0 = Release|Any CPU
	EndGlobalSection
	GlobalSection(SolutionProperties) = preSolution
		HideSolutionNode = FALSE
	EndGlobalSection
	GlobalSection(ExtensibilityGlobals) = postSolution
		SolutionGuid = {BA738950-C20B-4F41-A7FE-8122516892DB}
	EndGlobalSection
EndGlobal
