
Microsoft Visual Studio Solution File, Format Version 12.00
# Visual Studio Version 16
VisualStudioVersion = 16.0.29009.5
MinimumVisualStudioVersion = 10.0.40219.1
Project("{FAE04EC0-301F-11D3-BF4B-00C04F79EFBC}") = "Mvc_CSS", "Mvc_CSS\Mvc_CSS.csproj", "{275E3A3F-0FDE-476B-9102-5F7FF262C9F1}"
EndProject
Global
	GlobalSection(SolutionConfigurationPlatforms) = preSolution
		Debug|Any CPU = Debug|Any CPU
		Release|Any CPU = Release|Any CPU
	EndGlobalSection
	GlobalSection(ProjectConfigurationPlatforms) = postSolution
		{275E3A3F-0FDE-476B-9102-5F7FF262C9F1}.Debug|Any CPU.ActiveCfg = Debug|Any CPU
		{275E3A3F-0FDE-476B-9102-5F7FF262C9F1}.Debug|Any CPU.Build.0 = Debug|Any CPU
		{275E3A3F-0FDE-476B-9102-5F7FF262C9F1}.Release|Any CPU.ActiveCfg = Release|Any CPU
		{275E3A3F-0FDE-476B-9102-5F7FF262C9F1}.Release|Any CPU.Build.0 = Release|Any CPU
	EndGlobalSection
	GlobalSection(SolutionProperties) = preSolution
		HideSolutionNode = FALSE
	EndGlobalSection
	GlobalSection(ExtensibilityGlobals) = postSolution
		SolutionGuid = {300E2714-E3E2-4CB1-8247-4E938122F93E}
	EndGlobalSection
EndGlobal
